{
  "name": "spine-baker-js",
  "lockfileVersion": 3,
  "requires": true,
  "packages": {
    "": {
      "dependencies": {
        "@esotericsoftware/spine-core": "4.2.43"
      }
    },
    "node_modules/@esotericsoftware/spine-core": {
      "version": "4.2.43",
      "resolved": "https://registry.npmjs.org/@esotericsoftware/spine-core/-/spine-core-4.2.43.tgz",
      "integrity": "sha512-FzpNkJllTwu7l1bHO6186r8D4/0UR3bkPWqMlLUZf57sh2ErV8iQFyPXiz3suZTXpfAjw4k5dVhAebPVUZMtXw==",
      "license": "LicenseRef-LICENSE"
    }
  }
}
